
Microsoft Visual Studio Solution File, Format Version 12.00
# Visual Studio 15
VisualStudioVersion = 15.0.28010.2036
MinimumVisualStudioVersion = 10.0.40219.1
Project("{FAE04EC0-301F-11D3-BF4B-00C04F79EFBC}") = "Tecnoline.Android", "Tecnoline\Tecnoline.Android\Tecnoline.Android.csproj", "{FC23C2AF-D56A-4FCF-9ECD-204E13D5C51F}"
EndProject
Project("{FAE04EC0-301F-11D3-BF4B-00C04F79EFBC}") = "Tecnoline.iOS", "Tecnoline\Tecnoline.iOS\Tecnoline.iOS.csproj", "{110AA961-02F8-4D38-82D3-640255D073AC}"
EndProject
Project("{FAE04EC0-301F-11D3-BF4B-00C04F79EFBC}") = "Tecnoline", "Tecnoline\Tecnoline\Tecnoline.csproj", "{C57B41B6-30CF-47E7-B8E8-B92A699C74A4}"
EndProject
Global
	GlobalSection(SolutionConfigurationPlatforms) = preSolution
		Ad-Hoc|Any CPU = Ad-Hoc|Any CPU
		Ad-Hoc|iPhone = Ad-Hoc|iPhone
		Ad-Hoc|iPhoneSimulator = Ad-Hoc|iPhoneSimulator
		AppStore|Any CPU = AppStore|Any CPU
		AppStore|iPhone = AppStore|iPhone
		AppStore|iPhoneSimulator = AppStore|iPhoneSimulator
		Debug|Any CPU = Debug|Any CPU
		Debug|iPhone = Debug|iPhone
		Debug|iPhoneSimulator = Debug|iPhoneSimulator
		Release|Any CPU = Release|Any CPU
		Release|iPhone = Release|iPhone
		Release|iPhoneSimulator = Release|iPhoneSimulator
	EndGlobalSection
	GlobalSection(ProjectConfigurationPlatforms) = postSolution
		{FC23C2AF-D56A-4FCF-9ECD-204E13D5C51F}.Ad-Hoc|Any CPU.ActiveCfg = Release|Any CPU
		{FC23C2AF-D56A-4FCF-9ECD-204E13D5C51F}.Ad-Hoc|Any CPU.Build.0 = Release|Any CPU
		{FC23C2AF-D56A-4FCF-9ECD-204E13D5C51F}.Ad-Hoc|Any CPU.Deploy.0 = Release|Any CPU
		{FC23C2AF-D56A-4FCF-9ECD-204E13D5C51F}.Ad-Hoc|iPhone.ActiveCfg = Release|Any CPU
		{FC23C2AF-D56A-4FCF-9ECD-204E13D5C51F}.Ad-Hoc|iPhone.Build.0 = Release|Any CPU
		{FC23C2AF-D56A-4FCF-9ECD-204E13D5C51F}.Ad-Hoc|iPhone.Deploy.0 = Release|Any CPU
		{FC23C2AF-D56A-4FCF-9ECD-204E13D5C51F}.Ad-Hoc|iPhoneSimulator.ActiveCfg = Release|Any CPU
		{FC23C2AF-D56A-4FCF-9ECD-204E13D5C51F}.Ad-Hoc|iPhoneSimulator.Build.0 = Release|Any CPU
		{FC23C2AF-D56A-4FCF-9ECD-204E13D5C51F}.Ad-Hoc|iPhoneSimulator.Deploy.0 = Release|Any CPU
		{FC23C2AF-D56A-4FCF-9ECD-204E13D5C51F}.AppStore|Any CPU.ActiveCfg = Release|Any CPU
		{FC23C2AF-D56A-4FCF-9ECD-204E13D5C51F}.AppStore|Any CPU.Build.0 = Release|Any CPU
		{FC23C2AF-D56A-4FCF-9ECD-204E13D5C51F}.AppStore|Any CPU.Deploy.0 = Release|Any CPU
		{FC23C2AF-D56A-4FCF-9ECD-204E13D5C51F}.AppStore|iPhone.ActiveCfg = Release|Any CPU
		{FC23C2AF-D56A-4FCF-9ECD-204E13D5C51F}.AppStore|iPhone.Build.0 = Release|Any CPU
		{FC23C2AF-D56A-4FCF-9ECD-204E13D5C51F}.AppStore|iPhone.Deploy.0 = Release|Any CPU
		{FC23C2AF-D56A-4FCF-9ECD-204E13D5C51F}.AppStore|iPhoneSimulator.ActiveCfg = Release|Any CPU
		{FC23C2AF-D56A-4FCF-9ECD-204E13D5C51F}.AppStore|iPhoneSimulator.Build.0 = Release|Any CPU
		{FC23C2AF-D56A-4FCF-9ECD-204E13D5C51F}.AppStore|iPhoneSimulator.Deploy.0 = Release|Any CPU
		{FC23C2AF-D56A-4FCF-9ECD-204E13D5C51F}.Debug|Any CPU.ActiveCfg = Debug|Any CPU
		{FC23C2AF-D56A-4FCF-9ECD-204E13D5C51F}.Debug|Any CPU.Build.0 = Debug|Any CPU
		{FC23C2AF-D56A-4FCF-9ECD-204E13D5C51F}.Debug|Any CPU.Deploy.0 = Debug|Any CPU
		{FC23C2AF-D56A-4FCF-9ECD-204E13D5C51F}.Debug|iPhone.ActiveCfg = Debug|Any CPU
		{FC23C2AF-D56A-4FCF-9ECD-204E13D5C51F}.Debug|iPhone.Build.0 = Debug|Any CPU
		{FC23C2AF-D56A-4FCF-9ECD-204E13D5C51F}.Debug|iPhone.Deploy.0 = Debug|Any CPU
		{FC23C2AF-D56A-4FCF-9ECD-204E13D5C51F}.Debug|iPhoneSimulator.ActiveCfg = Debug|Any CPU
		{FC23C2AF-D56A-4FCF-9ECD-204E13D5C51F}.Debug|iPhoneSimulator.Build.0 = Debug|Any CPU
		{FC23C2AF-D56A-4FCF-9ECD-204E13D5C51F}.Debug|iPhoneSimulator.Deploy.0 = Debug|Any CPU
		{FC23C2AF-D56A-4FCF-9ECD-204E13D5C51F}.Release|Any CPU.ActiveCfg = Release|Any CPU
		{FC23C2AF-D56A-4FCF-9ECD-204E13D5C51F}.Release|Any CPU.Build.0 = Release|Any CPU
		{FC23C2AF-D56A-4FCF-9ECD-204E13D5C51F}.Release|Any CPU.Deploy.0 = Release|Any CPU
		{FC23C2AF-D56A-4FCF-9ECD-204E13D5C51F}.Release|iPhone.ActiveCfg = Release|Any CPU
		{FC23C2AF-D56A-4FCF-9ECD-204E13D5C51F}.Release|iPhone.Build.0 = Release|Any CPU
		{FC23C2AF-D56A-4FCF-9ECD-204E13D5C51F}.Release|iPhone.Deploy.0 = Release|Any CPU
		{FC23C2AF-D56A-4FCF-9ECD-204E13D5C51F}.Release|iPhoneSimulator.ActiveCfg = Release|Any CPU
		{FC23C2AF-D56A-4FCF-9ECD-204E13D5C51F}.Release|iPhoneSimulator.Build.0 = Release|Any CPU
		{FC23C2AF-D56A-4FCF-9ECD-204E13D5C51F}.Release|iPhoneSimulator.Deploy.0 = Release|Any CPU
		{110AA961-02F8-4D38-82D3-640255D073AC}.Ad-Hoc|Any CPU.ActiveCfg = Ad-Hoc|iPhone
		{110AA961-02F8-4D38-82D3-640255D073AC}.Ad-Hoc|Any CPU.Build.0 = Ad-Hoc|iPhone
		{110AA961-02F8-4D38-82D3-640255D073AC}.Ad-Hoc|Any CPU.Deploy.0 = Ad-Hoc|iPhone
		{110AA961-02F8-4D38-82D3-640255D073AC}.Ad-Hoc|iPhone.ActiveCfg = Ad-Hoc|iPhone
		{110AA961-02F8-4D38-82D3-640255D073AC}.Ad-Hoc|iPhone.Build.0 = Ad-Hoc|iPhone
		{110AA961-02F8-4D38-82D3-640255D073AC}.Ad-Hoc|iPhone.Deploy.0 = Ad-Hoc|iPhone
		{110AA961-02F8-4D38-82D3-640255D073AC}.Ad-Hoc|iPhoneSimulator.ActiveCfg = Ad-Hoc|iPhoneSimulator
		{110AA961-02F8-4D38-82D3-640255D073AC}.Ad-Hoc|iPhoneSimulator.Build.0 = Ad-Hoc|iPhoneSimulator
		{110AA961-02F8-4D38-82D3-640255D073AC}.Ad-Hoc|iPhoneSimulator.Deploy.0 = Ad-Hoc|iPhoneSimulator
		{110AA961-02F8-4D38-82D3-640255D073AC}.AppStore|Any CPU.ActiveCfg = AppStore|iPhone
		{110AA961-02F8-4D38-82D3-640255D073AC}.AppStore|Any CPU.Build.0 = AppStore|iPhone
		{110AA961-02F8-4D38-82D3-640255D073AC}.AppStore|Any CPU.Deploy.0 = AppStore|iPhone
		{110AA961-02F8-4D38-82D3-640255D073AC}.AppStore|iPhone.ActiveCfg = AppStore|iPhone
		{110AA961-02F8-4D38-82D3-640255D073AC}.AppStore|iPhone.Build.0 = AppStore|iPhone
		{110AA961-02F8-4D38-82D3-640255D073AC}.AppStore|iPhone.Deploy.0 = AppStore|iPhone
		{110AA961-02F8-4D38-82D3-640255D073AC}.AppStore|iPhoneSimulator.ActiveCfg = AppStore|iPhoneSimulator
		{110AA961-02F8-4D38-82D3-640255D073AC}.AppStore|iPhoneSimulator.Build.0 = AppStore|iPhoneSimulator
		{110AA961-02F8-4D38-82D3-640255D073AC}.AppStore|iPhoneSimulator.Deploy.0 = AppStore|iPhoneSimulator
		{110AA961-02F8-4D38-82D3-640255D073AC}.Debug|Any CPU.ActiveCfg = Debug|iPhoneSimulator
		{110AA961-02F8-4D38-82D3-640255D073AC}.Debug|Any CPU.Build.0 = Debug|iPhoneSimulator
		{110AA961-02F8-4D38-82D3-640255D073AC}.Debug|Any CPU.Deploy.0 = Debug|iPhoneSimulator
		{110AA961-02F8-4D38-82D3-640255D073AC}.Debug|iPhone.ActiveCfg = Debug|iPhone
		{110AA961-02F8-4D38-82D3-640255D073AC}.Debug|iPhone.Build.0 = Debug|iPhone
		{110AA961-02F8-4D38-82D3-640255D073AC}.Debug|iPhone.Deploy.0 = Debug|iPhone
		{110AA961-02F8-4D38-82D3-640255D073AC}.Debug|iPhoneSimulator.ActiveCfg = Debug|iPhoneSimulator
		{110AA961-02F8-4D38-82D3-640255D073AC}.Debug|iPhoneSimulator.Build.0 = Debug|iPhoneSimulator
		{110AA961-02F8-4D38-82D3-640255D073AC}.Debug|iPhoneSimulator.Deploy.0 = Debug|iPhoneSimulator
		{110AA961-02F8-4D38-82D3-640255D073AC}.Release|Any CPU.ActiveCfg = Release|iPhone
		{110AA961-02F8-4D38-82D3-640255D073AC}.Release|Any CPU.Build.0 = Release|iPhone
		{110AA961-02F8-4D38-82D3-640255D073AC}.Release|Any CPU.Deploy.0 = Release|iPhone
		{110AA961-02F8-4D38-82D3-640255D073AC}.Release|iPhone.ActiveCfg = Release|iPhone
		{110AA961-02F8-4D38-82D3-640255D073AC}.Release|iPhone.Build.0 = Release|iPhone
		{110AA961-02F8-4D38-82D3-640255D073AC}.Release|iPhone.Deploy.0 = Release|iPhone
		{110AA961-02F8-4D38-82D3-640255D073AC}.Release|iPhoneSimulator.ActiveCfg = Release|iPhoneSimulator
		{110AA961-02F8-4D38-82D3-640255D073AC}.Release|iPhoneSimulator.Build.0 = Release|iPhoneSimulator
		{110AA961-02F8-4D38-82D3-640255D073AC}.Release|iPhoneSimulator.Deploy.0 = Release|iPhoneSimulator
		{C57B41B6-30CF-47E7-B8E8-B92A699C74A4}.Ad-Hoc|Any CPU.ActiveCfg = Debug|Any CPU
		{C57B41B6-30CF-47E7-B8E8-B92A699C74A4}.Ad-Hoc|Any CPU.Build.0 = Debug|Any CPU
		{C57B41B6-30CF-47E7-B8E8-B92A699C74A4}.Ad-Hoc|Any CPU.Deploy.0 = Debug|Any CPU
		{C57B41B6-30CF-47E7-B8E8-B92A699C74A4}.Ad-Hoc|iPhone.ActiveCfg = Debug|Any CPU
		{C57B41B6-30CF-47E7-B8E8-B92A699C74A4}.Ad-Hoc|iPhone.Build.0 = Debug|Any CPU
		{C57B41B6-30CF-47E7-B8E8-B92A699C74A4}.Ad-Hoc|iPhone.Deploy.0 = Debug|Any CPU
		{C57B41B6-30CF-47E7-B8E8-B92A699C74A4}.Ad-Hoc|iPhoneSimulator.ActiveCfg = Debug|Any CPU
		{C57B41B6-30CF-47E7-B8E8-B92A699C74A4}.Ad-Hoc|iPhoneSimulator.Build.0 = Debug|Any CPU
		{C57B41B6-30CF-47E7-B8E8-B92A699C74A4}.Ad-Hoc|iPhoneSimulator.Deploy.0 = Debug|Any CPU
		{C57B41B6-30CF-47E7-B8E8-B92A699C74A4}.AppStore|Any CPU.ActiveCfg = Debug|Any CPU
		{C57B41B6-30CF-47E7-B8E8-B92A699C74A4}.AppStore|Any CPU.Build.0 = Debug|Any CPU
		{C57B41B6-30CF-47E7-B8E8-B92A699C74A4}.AppStore|Any CPU.Deploy.0 = Debug|Any CPU
		{C57B41B6-30CF-47E7-B8E8-B92A699C74A4}.AppStore|iPhone.ActiveCfg = Debug|Any CPU
		{C57B41B6-30CF-47E7-B8E8-B92A699C74A4}.AppStore|iPhone.Build.0 = Debug|Any CPU
		{C57B41B6-30CF-47E7-B8E8-B92A699C74A4}.AppStore|iPhone.Deploy.0 = Debug|Any CPU
		{C57B41B6-30CF-47E7-B8E8-B92A699C74A4}.AppStore|iPhoneSimulator.ActiveCfg = Debug|Any CPU
		{C57B41B6-30CF-47E7-B8E8-B92A699C74A4}.AppStore|iPhoneSimulator.Build.0 = Debug|Any CPU
		{C57B41B6-30CF-47E7-B8E8-B92A699C74A4}.AppStore|iPhoneSimulator.Deploy.0 = Debug|Any CPU
		{C57B41B6-30CF-47E7-B8E8-B92A699C74A4}.Debug|Any CPU.ActiveCfg = Debug|Any CPU
		{C57B41B6-30CF-47E7-B8E8-B92A699C74A4}.Debug|Any CPU.Build.0 = Debug|Any CPU
		{C57B41B6-30CF-47E7-B8E8-B92A699C74A4}.Debug|Any CPU.Deploy.0 = Debug|Any CPU
		{C57B41B6-30CF-47E7-B8E8-B92A699C74A4}.Debug|iPhone.ActiveCfg = Debug|Any CPU
		{C57B41B6-30CF-47E7-B8E8-B92A699C74A4}.Debug|iPhone.Build.0 = Debug|Any CPU
		{C57B41B6-30CF-47E7-B8E8-B92A699C74A4}.Debug|iPhone.Deploy.0 = Debug|Any CPU
		{C57B41B6-30CF-47E7-B8E8-B92A699C74A4}.Debug|iPhoneSimulator.ActiveCfg = Debug|Any CPU
		{C57B41B6-30CF-47E7-B8E8-B92A699C74A4}.Debug|iPhoneSimulator.Build.0 = Debug|Any CPU
		{C57B41B6-30CF-47E7-B8E8-B92A699C74A4}.Debug|iPhoneSimulator.Deploy.0 = Debug|Any CPU
		{C57B41B6-30CF-47E7-B8E8-B92A699C74A4}.Release|Any CPU.ActiveCfg = Release|Any CPU
		{C57B41B6-30CF-47E7-B8E8-B92A699C74A4}.Release|Any CPU.Build.0 = Release|Any CPU
		{C57B41B6-30CF-47E7-B8E8-B92A699C74A4}.Release|Any CPU.Deploy.0 = Release|Any CPU
		{C57B41B6-30CF-47E7-B8E8-B92A699C74A4}.Release|iPhone.ActiveCfg = Release|Any CPU
		{C57B41B6-30CF-47E7-B8E8-B92A699C74A4}.Release|iPhone.Build.0 = Release|Any CPU
		{C57B41B6-30CF-47E7-B8E8-B92A699C74A4}.Release|iPhone.Deploy.0 = Release|Any CPU
		{C57B41B6-30CF-47E7-B8E8-B92A699C74A4}.Release|iPhoneSimulator.ActiveCfg = Release|Any CPU
		{C57B41B6-30CF-47E7-B8E8-B92A699C74A4}.Release|iPhoneSimulator.Build.0 = Release|Any CPU
		{C57B41B6-30CF-47E7-B8E8-B92A699C74A4}.Release|iPhoneSimulator.Deploy.0 = Release|Any CPU
	EndGlobalSection
	GlobalSection(SolutionProperties) = preSolution
		HideSolutionNode = FALSE
	EndGlobalSection
	GlobalSection(ExtensibilityGlobals) = postSolution
		SolutionGuid = {E6F19D63-BFCC-4EEB-9646-0997FEA4F06C}
	EndGlobalSection
EndGlobal
